
Microsoft Visual Studio Solution File, Format Version 12.00
# Visual Studio Version 17
VisualStudioVersion = 17.1.32328.378
MinimumVisualStudioVersion = 10.0.40219.1
Project("{FAE04EC0-301F-11D3-BF4B-00C04F79EFBC}") = "APIFORHOSTING", "APIFORHOSTING\APIFORHOSTING.csproj", "{8EB725F6-D604-4957-BF9A-F1D9AD26841E}"
EndProject
Global
	GlobalSection(SolutionConfigurationPlatforms) = preSolution
		Debug|Any CPU = Debug|Any CPU
		Release|Any CPU = Release|Any CPU
	EndGlobalSection
	GlobalSection(ProjectConfigurationPlatforms) = postSolution
		{8EB725F6-D604-4957-BF9A-F1D9AD26841E}.Debug|Any CPU.ActiveCfg = Debug|Any CPU
		{8EB725F6-D604-4957-BF9A-F1D9AD26841E}.Debug|Any CPU.Build.0 = Debug|Any CPU
		{8EB725F6-D604-4957-BF9A-F1D9AD26841E}.Release|Any CPU.ActiveCfg = Release|Any CPU
		{8EB725F6-D604-4957-BF9A-F1D9AD26841E}.Release|Any CPU.Build.0 = Release|Any CPU
	EndGlobalSection
	GlobalSection(SolutionProperties) = preSolution
		HideSolutionNode = FALSE
	EndGlobalSection
	GlobalSection(ExtensibilityGlobals) = postSolution
		SolutionGuid = {C241E1B3-5A93-459D-B121-4598CD277814}
	EndGlobalSection
EndGlobal
